
Microsoft Visual Studio Solution File, Format Version 12.00
# Visual Studio Version 16
VisualStudioVersion = 16.0.30223.230
MinimumVisualStudioVersion = 15.0.26124.0
Project("{2150E333-8FDC-42A3-9474-1A3956D46DE8}") = "src", "src", "{7A08271E-50BC-4414-88A7-6CC67C462C6F}"
EndProject
Project("{2150E333-8FDC-42A3-9474-1A3956D46DE8}") = "test", "test", "{6CE08456-F938-496C-B737-70B9BA70A89C}"
EndProject
Project("{9A19103F-16F7-4668-BE54-9A1E7A4F7556}") = "MongoDbCapabilities", "src\MongoDbCapabilities\MongoDbCapabilities.csproj", "{18CD4E48-69FE-4ECC-A0A3-8AFD5F96B6DC}"
EndProject
Project("{9A19103F-16F7-4668-BE54-9A1E7A4F7556}") = "MongoDbCapabilities.Tests", "test\MongoDbCapabilities.Tests\MongoDbCapabilities.Tests.csproj", "{306CF0D9-4888-44BE-996F-FC66A4D04BF2}"
EndProject
Project("{2150E333-8FDC-42A3-9474-1A3956D46DE8}") = "Solution Items", "Solution Items", "{BBE701AB-E920-4BF5-B0F6-8B6505E0477E}"
	ProjectSection(SolutionItems) = preProject
		.editorconfig = .editorconfig
	EndProjectSection
EndProject
Project("{E53339B2-1760-4266-BCC7-CA923CBCF16C}") = "docker-compose", "docker-compose.dcproj", "{7B62C026-0DF2-4AC6-B1B2-8FE865C78C3F}"
EndProject
Global
	GlobalSection(SolutionConfigurationPlatforms) = preSolution
		Debug|Any CPU = Debug|Any CPU
		Debug|x64 = Debug|x64
		Debug|x86 = Debug|x86
		Release|Any CPU = Release|Any CPU
		Release|x64 = Release|x64
		Release|x86 = Release|x86
	EndGlobalSection
	GlobalSection(ProjectConfigurationPlatforms) = postSolution
		{18CD4E48-69FE-4ECC-A0A3-8AFD5F96B6DC}.Debug|Any CPU.ActiveCfg = Debug|Any CPU
		{18CD4E48-69FE-4ECC-A0A3-8AFD5F96B6DC}.Debug|Any CPU.Build.0 = Debug|Any CPU
		{18CD4E48-69FE-4ECC-A0A3-8AFD5F96B6DC}.Debug|x64.ActiveCfg = Debug|Any CPU
		{18CD4E48-69FE-4ECC-A0A3-8AFD5F96B6DC}.Debug|x64.Build.0 = Debug|Any CPU
		{18CD4E48-69FE-4ECC-A0A3-8AFD5F96B6DC}.Debug|x86.ActiveCfg = Debug|Any CPU
		{18CD4E48-69FE-4ECC-A0A3-8AFD5F96B6DC}.Debug|x86.Build.0 = Debug|Any CPU
		{18CD4E48-69FE-4ECC-A0A3-8AFD5F96B6DC}.Release|Any CPU.ActiveCfg = Release|Any CPU
		{18CD4E48-69FE-4ECC-A0A3-8AFD5F96B6DC}.Release|Any CPU.Build.0 = Release|Any CPU
		{18CD4E48-69FE-4ECC-A0A3-8AFD5F96B6DC}.Release|x64.ActiveCfg = Release|Any CPU
		{18CD4E48-69FE-4ECC-A0A3-8AFD5F96B6DC}.Release|x64.Build.0 = Release|Any CPU
		{18CD4E48-69FE-4ECC-A0A3-8AFD5F96B6DC}.Release|x86.ActiveCfg = Release|Any CPU
		{18CD4E48-69FE-4ECC-A0A3-8AFD5F96B6DC}.Release|x86.Build.0 = Release|Any CPU
		{306CF0D9-4888-44BE-996F-FC66A4D04BF2}.Debug|Any CPU.ActiveCfg = Debug|Any CPU
		{306CF0D9-4888-44BE-996F-FC66A4D04BF2}.Debug|Any CPU.Build.0 = Debug|Any CPU
		{306CF0D9-4888-44BE-996F-FC66A4D04BF2}.Debug|x64.ActiveCfg = Debug|Any CPU
		{306CF0D9-4888-44BE-996F-FC66A4D04BF2}.Debug|x64.Build.0 = Debug|Any CPU
		{306CF0D9-4888-44BE-996F-FC66A4D04BF2}.Debug|x86.ActiveCfg = Debug|Any CPU
		{306CF0D9-4888-44BE-996F-FC66A4D04BF2}.Debug|x86.Build.0 = Debug|Any CPU
		{306CF0D9-4888-44BE-996F-FC66A4D04BF2}.Release|Any CPU.ActiveCfg = Release|Any CPU
		{306CF0D9-4888-44BE-996F-FC66A4D04BF2}.Release|Any CPU.Build.0 = Release|Any CPU
		{306CF0D9-4888-44BE-996F-FC66A4D04BF2}.Release|x64.ActiveCfg = Release|Any CPU
		{306CF0D9-4888-44BE-996F-FC66A4D04BF2}.Release|x64.Build.0 = Release|Any CPU
		{306CF0D9-4888-44BE-996F-FC66A4D04BF2}.Release|x86.ActiveCfg = Release|Any CPU
		{306CF0D9-4888-44BE-996F-FC66A4D04BF2}.Release|x86.Build.0 = Release|Any CPU
		{7B62C026-0DF2-4AC6-B1B2-8FE865C78C3F}.Debug|Any CPU.ActiveCfg = Debug|Any CPU
		{7B62C026-0DF2-4AC6-B1B2-8FE865C78C3F}.Debug|Any CPU.Build.0 = Debug|Any CPU
		{7B62C026-0DF2-4AC6-B1B2-8FE865C78C3F}.Debug|x64.ActiveCfg = Debug|Any CPU
		{7B62C026-0DF2-4AC6-B1B2-8FE865C78C3F}.Debug|x64.Build.0 = Debug|Any CPU
		{7B62C026-0DF2-4AC6-B1B2-8FE865C78C3F}.Debug|x86.ActiveCfg = Debug|Any CPU
		{7B62C026-0DF2-4AC6-B1B2-8FE865C78C3F}.Debug|x86.Build.0 = Debug|Any CPU
		{7B62C026-0DF2-4AC6-B1B2-8FE865C78C3F}.Release|Any CPU.ActiveCfg = Release|Any CPU
		{7B62C026-0DF2-4AC6-B1B2-8FE865C78C3F}.Release|Any CPU.Build.0 = Release|Any CPU
		{7B62C026-0DF2-4AC6-B1B2-8FE865C78C3F}.Release|x64.ActiveCfg = Release|Any CPU
		{7B62C026-0DF2-4AC6-B1B2-8FE865C78C3F}.Release|x64.Build.0 = Release|Any CPU
		{7B62C026-0DF2-4AC6-B1B2-8FE865C78C3F}.Release|x86.ActiveCfg = Release|Any CPU
		{7B62C026-0DF2-4AC6-B1B2-8FE865C78C3F}.Release|x86.Build.0 = Release|Any CPU
	EndGlobalSection
	GlobalSection(SolutionProperties) = preSolution
		HideSolutionNode = FALSE
	EndGlobalSection
	GlobalSection(NestedProjects) = preSolution
		{18CD4E48-69FE-4ECC-A0A3-8AFD5F96B6DC} = {7A08271E-50BC-4414-88A7-6CC67C462C6F}
		{306CF0D9-4888-44BE-996F-FC66A4D04BF2} = {6CE08456-F938-496C-B737-70B9BA70A89C}
	EndGlobalSection
	GlobalSection(ExtensibilityGlobals) = postSolution
		SolutionGuid = {2D3F92B2-318C-4AF2-803E-26DC320A375E}
	EndGlobalSection
EndGlobal
